Microsoft Visual Studio Solution File, Format Version 12.00
# Visual Studio Version 17
VisualStudioVersion = 17.5.2.0
MinimumVisualStudioVersion = 10.0.40219.1
Project("{FAE04EC0-301F-11D3-BF4B-00C04F79EFBC}") = "APIdoClima", "APIdoClima.csproj", "{CF5CA8DD-AE73-A55F-9819-7F12BBBF2BAF}"
EndProject
Global
	GlobalSection(SolutionConfigurationPlatforms) = preSolution
		Debug|Any CPU = Debug|Any CPU
		Release|Any CPU = Release|Any CPU
	EndGlobalSection
	GlobalSection(ProjectConfigurationPlatforms) = postSolution
		{CF5CA8DD-AE73-A55F-9819-7F12BBBF2BAF}.Debug|Any CPU.ActiveCfg = Debug|Any CPU
		{CF5CA8DD-AE73-A55F-9819-7F12BBBF2BAF}.Debug|Any CPU.Build.0 = Debug|Any CPU
		{CF5CA8DD-AE73-A55F-9819-7F12BBBF2BAF}.Release|Any CPU.ActiveCfg = Release|Any CPU
		{CF5CA8DD-AE73-A55F-9819-7F12BBBF2BAF}.Release|Any CPU.Build.0 = Release|Any CPU
	EndGlobalSection
	GlobalSection(SolutionProperties) = preSolution
		HideSolutionNode = FALSE
	EndGlobalSection
	GlobalSection(ExtensibilityGlobals) = postSolution
		SolutionGuid = {DDD166E1-13DB-4B60-984A-6F4DCA05D929}
	EndGlobalSection
EndGlobal
